github.com/alibabacloud-go/debug v0.0.0-20190504072949-9472017b5c68 h1:NqugFkGxx1TXSh/pBcU00Y6bljgDPaFdh5MUSeJ7e50=
github.com/alibabacloud-go/debug v0.0.0-20190504072949-9472017b5c68/go.mod h1:6pb/Qy8c+lqua8cFpEy7g39NRRqOWc3rOwAy8m5Y2BY=
github.com/alibabacloud-go/tea v0.0.0-20191011054747-c132d91088dc h1:uIpggXB1Za9l3c3Orkr2jULvmmEhgL2n5hxCuc5Nkno=
github.com/alibabacloud-go/tea v0.0.0-20191011054747-c132d91088dc/go.mod h1:r5AZdLL+m9H2frPZaXy5TGycjXQu/wqgSgLaVsN7870=
github.com/aliyun/credentials-go v0.0.0-20190906110604-c03d72db9395 h1:ey3Xbk1uAgNOlWZAH7KDBxmoa0IcOt+snhA0vN8EA7s=
github.com/aliyun/credentials-go v0.0.0-20190906110604-c03d72db9395/go.mod h1:AJeNV4JgJLF+XrTuSe0EPfSs702qFXKNJVOqloWotqs=
golang.org/x/crypto v0.0.0-20190308221718-c2843e01d9a2/go.mod h1:djNgcEr1/C05ACkg1iLfiJU5Ep61QUkGW8qpdssI0+w=
golang.org/x/net v0.0.0-20191028085509-fe3aa8a45271 h1:N66aaryRB3Ax92gH0v3hp1QYZ3zWWCCUR/j8Ifh45Ss=
golang.org/x/net v0.0.0-20191028085509-fe3aa8a45271/go.mod h1:z5CRVTTTmAJ677TzLLGU+0bjPO0LkuOLi4/5GtJWs/s=
golang.org/x/sys v0.0.0-20190215142949-d0b11bdaac8a/go.mod h1:STP8DvDyc/dI5b8T5hshtkjS+E42TnysNCUPdjciGhY=
golang.org/x/text v0.3.0/go.mod h1:NqM8EUOU14njkJ3fqMW+pc6Ldnwhi/IjpwHt7yyuwOQ=
gopkg.in/ini.v1 v1.49.0 h1:MW0aLMiezbm/Ray0gJJ+nQFE2uOC9EpK2p5zPN3NqpM=
gopkg.in/ini.v1 v1.49.0/go.mod h1:pNLf8WUiyNEtQjuu5G5vTm06TEv9tsIgeAvK8hOrP4k=
