
Microsoft Visual Studio Solution File, Format Version 12.00
# Visual Studio Version 16
VisualStudioVersion = 16.0.29306.81
MinimumVisualStudioVersion = 10.0.40219.1
Project("{9A19103F-16F7-4668-BE54-9A1E7A4F7556}") = "baseClient", "core\baseClient.csproj", "{721CE10D-EB77-4DEF-A908-3A8FC892CE16}"
EndProject
Project("{9A19103F-16F7-4668-BE54-9A1E7A4F7556}") = "baseClientUnitTests", "unitTests\baseClientUnitTests.csproj", "{372A6506-5372-4DEE-809F-522718BCBCCF}"
EndProject
Global
	GlobalSection(SolutionConfigurationPlatforms) = preSolution
		Debug|Any CPU = Debug|Any CPU
		Release|Any CPU = Release|Any CPU
	EndGlobalSection
	GlobalSection(ProjectConfigurationPlatforms) = postSolution
		{721CE10D-EB77-4DEF-A908-3A8FC892CE16}.Debug|Any CPU.ActiveCfg = Debug|Any CPU
		{721CE10D-EB77-4DEF-A908-3A8FC892CE16}.Debug|Any CPU.Build.0 = Debug|Any CPU
		{721CE10D-EB77-4DEF-A908-3A8FC892CE16}.Release|Any CPU.ActiveCfg = Release|Any CPU
		{721CE10D-EB77-4DEF-A908-3A8FC892CE16}.Release|Any CPU.Build.0 = Release|Any CPU
		{372A6506-5372-4DEE-809F-522718BCBCCF}.Debug|Any CPU.ActiveCfg = Debug|Any CPU
		{372A6506-5372-4DEE-809F-522718BCBCCF}.Debug|Any CPU.Build.0 = Debug|Any CPU
		{372A6506-5372-4DEE-809F-522718BCBCCF}.Release|Any CPU.ActiveCfg = Release|Any CPU
		{372A6506-5372-4DEE-809F-522718BCBCCF}.Release|Any CPU.Build.0 = Release|Any CPU
	EndGlobalSection
	GlobalSection(SolutionProperties) = preSolution
		HideSolutionNode = FALSE
	EndGlobalSection
	GlobalSection(ExtensibilityGlobals) = postSolution
		SolutionGuid = {6DC10746-F3E8-412B-A649-C0C7C2CCAAB7}
	EndGlobalSection
EndGlobal
